hash: a5dc165bc152064a31cb7208e353d4b82931e9b310a4a31d7f42d56132115d6d
updated: 2017-07-31T16:09:18.669444719+01:00
imports:
- name: github.com/fsnotify/fsnotify
  version: 4da3e2cfbabc9f751898f250b49f2439785783a1
- name: github.com/hashicorp/hcl
  version: 392dba7d905ed5d04a5794ba89f558b27e2ba1ca
  subpackages:
  - hcl/ast
  - hcl/parser
  - hcl/scanner
  - hcl/strconv
  - hcl/token
  - json/parser
  - json/scanner
  - json/token
- name: github.com/labstack/echo
  version: 935a60782cbbc55110e7bd4b33120e4567cbee43
- name: github.com/labstack/gommon
  version: 779b8a8b9850a97acba6a3fe20feb628c39e17c1
  subpackages:
  - color
  - log
- name: github.com/magiconair/properties
  version: be5ece7dd465ab0765a9682137865547526d1dfb
- name: github.com/mattn/go-colorable
  version: 040dd0b833b34b4182673409ada4df2853b26537
- name: github.com/mattn/go-isatty
  version: fc9e8d8ef48496124e79ae0df75490096eccf6fe
- name: github.com/mitchellh/mapstructure
  version: d0303fe809921458f417bcf828397a65db30a7e4
- name: github.com/mreiferson/go-snappystream
  version: 028eae7ab5c4c9e2d1cb4c4ca1e53259bbe7e504
  subpackages:
  - snappy-go
- name: github.com/nsqio/go-nsq
  version: d71fb89c9e0263aaed89645b0b168e11ccf597b1
- name: github.com/pelletier/go-toml
  version: 69d355db5304c0f7f809a2edc054553e7142f016
- name: github.com/spf13/afero
  version: 9be650865eab0c12963d8753212f4f9c66cdcf12
  subpackages:
  - mem
- name: github.com/spf13/cast
  version: acbeb36b902d72a7a4c18e8f3241075e7ab763e4
- name: github.com/spf13/jwalterweatherman
  version: 0efa5202c04663c757d84f90f5219c1250baf94f
- name: github.com/spf13/pflag
  version: e57e3eeb33f795204c1ca35f56c44f83227c6e66
- name: github.com/spf13/viper
  version: 25b30aa063fc18e48662b86996252eabdcf2f0c7
- name: github.com/valyala/bytebufferpool
  version: e746df99fe4a3986f4d4f79e13c1e0117ce9c2f7
- name: github.com/valyala/fasttemplate
  version: dcecefd839c4193db0d35b88ec65b4c12d360ab0
- name: golang.org/x/crypto
  version: 558b6879de74bc843225cde5686419267ff707ca
  subpackages:
  - acme
  - acme/autocert
- name: golang.org/x/sys
  version: 0f826bdd13b500be0f1d4004938ad978fcc6031e
  subpackages:
  - unix
- name: golang.org/x/text
  version: 3bd178b88a8180be2df394a1fbb81313916f0e7b
  subpackages:
  - transform
  - unicode/norm
- name: gopkg.in/yaml.v2
  version: 25c4ec802a7d637f88d584ab26798e94ad14c13b
testImports: []
